// !$*UTF8*$!
{
	archiveVersion = 1;
	classes = {
	};
	objectVersion = 46;
	objects = {

/* Begin PBXBuildFile section */
		005E5740A3C8C4EF5A9A96FA /* libPods-eyeHelpTests.a in Frameworks */ = {isa = PBXBuildFile; fileRef = 838FCAF957B0FE9152A49D4A /* libPods-eyeHelpTests.a */; };
		330FCBB6BC54C4C2D2FB697F /* libPods-eyeHelp.a in Frameworks */ = {isa = PBXBuildFile; fileRef = 0022CD5E6F87FAF0691DF347 /* libPods-eyeHelp.a */; };
		386FFB37F655E4D245D2AA9D /* libPods-eyeHelpUITests.a in Frameworks */ = {isa = PBXBuildFile; fileRef = 1AFC15FEAC16A47E3DE97FDC /* libPods-eyeHelpUITests.a */; };
		3C30E1FD1E5A7D1B0073F505 /* MyCollectionViewCell.m in Sources */ = {isa = PBXBuildFile; fileRef = 3C30E1FC1E5A7D1B0073F505 /* MyCollectionViewCell.m */; };
		3C30E20E1E5A92760073F505 /* DashesLineView.m in Sources */ = {isa = PBXBuildFile; fileRef = 3C30E2001E5A92760073F505 /* DashesLineView.m */; };
		3C30E20F1E5A92760073F505 /* GraphBar.m in Sources */ = {isa = PBXBuildFile; fileRef = 3C30E2021E5A92760073F505 /* GraphBar.m */; };
		3C30E2101E5A92760073F505 /* GraphDot.m in Sources */ = {isa = PBXBuildFile; fileRef = 3C30E2051E5A92760073F505 /* GraphDot.m */; };
		3C30E2111E5A92760073F505 /* GraphLine.m in Sources */ = {isa = PBXBuildFile; fileRef = 3C30E2071E5A92760073F505 /* GraphLine.m */; };
		3C30E2121E5A92760073F505 /* GraphPopView.m in Sources */ = {isa = PBXBuildFile; fileRef = 3C30E2091E5A92760073F505 /* GraphPopView.m */; };
		3C30E2131E5A92760073F505 /* GraphView.m in Sources */ = {isa = PBXBuildFile; fileRef = 3C30E20B1E5A92760073F505 /* GraphView.m */; };
		3C30E2141E5A92760073F505 /* UIView+mySize.m in Sources */ = {isa = PBXBuildFile; fileRef = 3C30E20D1E5A92760073F505 /* UIView+mySize.m */; };
		3C30E2181E5A92B80073F505 /* EHChartViewViewController.m in Sources */ = {isa = PBXBuildFile; fileRef = 3C30E2161E5A92B80073F505 /* EHChartViewViewController.m */; };
		3C30E2191E5A92B80073F505 /* EHChartViewViewController.xib in Resources */ = {isa = PBXBuildFile; fileRef = 3C30E2171E5A92B80073F505 /* EHChartViewViewController.xib */; };
		3C30E21D1E5AD27D0073F505 /* EHGraphicTextViewController.m in Sources */ = {isa = PBXBuildFile; fileRef = 3C30E21B1E5AD27D0073F505 /* EHGraphicTextViewController.m */; };
		3C30E21E1E5AD27D0073F505 /* EHGraphicTextViewController.xib in Resources */ = {isa = PBXBuildFile; fileRef = 3C30E21C1E5AD27D0073F505 /* EHGraphicTextViewController.xib */; };
		3C62484E1E55346000125670 /* main.m in Sources */ = {isa = PBXBuildFile; fileRef = 3C62484D1E55346000125670 /* main.m */; };
		3C6248511E55346000125670 /* AppDelegate.m in Sources */ = {isa = PBXBuildFile; fileRef = 3C6248501E55346000125670 /* AppDelegate.m */; };
		3C6248571E55346000125670 /* Main.storyboard in Resources */ = {isa = PBXBuildFile; fileRef = 3C6248551E55346000125670 /* Main.storyboard */; };
		3C6248591E55346000125670 /* Assets.xcassets in Resources */ = {isa = PBXBuildFile; fileRef = 3C6248581E55346000125670 /* Assets.xcassets */; };
		3C62485C1E55346000125670 /* LaunchScreen.storyboard in Resources */ = {isa = PBXBuildFile; fileRef = 3C62485A1E55346000125670 /* LaunchScreen.storyboard */; };
		3C6248671E55346000125670 /* eyeHelpTests.m in Sources */ = {isa = PBXBuildFile; fileRef = 3C6248661E55346000125670 /* eyeHelpTests.m */; };
		3C6248721E55346000125670 /* eyeHelpUITests.m in Sources */ = {isa = PBXBuildFile; fileRef = 3C6248711E55346000125670 /* eyeHelpUITests.m */; };
		3C6248A51E55436F00125670 /* EHScienceTableViewController.m in Sources */ = {isa = PBXBuildFile; fileRef = 3C6248A31E55436F00125670 /* EHScienceTableViewController.m */; };
		3C6248A61E55436F00125670 /* EHScienceTableViewController.xib in Resources */ = {isa = PBXBuildFile; fileRef = 3C6248A41E55436F00125670 /* EHScienceTableViewController.xib */; };
		3C6248AF1E5543B900125670 /* EHConsultTableViewController.m in Sources */ = {isa = PBXBuildFile; fileRef = 3C6248AD1E5543B900125670 /* EHConsultTableViewController.m */; };
		3C6248B01E5543B900125670 /* EHConsultTableViewController.xib in Resources */ = {isa = PBXBuildFile; fileRef = 3C6248AE1E5543B900125670 /* EHConsultTableViewController.xib */; };
		3C6248B41E5543CC00125670 /* EHMineTableViewController.m in Sources */ = {isa = PBXBuildFile; fileRef = 3C6248B21E5543CC00125670 /* EHMineTableViewController.m */; };
		3C6248B51E5543CC00125670 /* EHMineTableViewController.xib in Resources */ = {isa = PBXBuildFile; fileRef = 3C6248B31E5543CC00125670 /* EHMineTableViewController.xib */; };
		3C6248CF1E55548D00125670 /* CustomNavigationController.m in Sources */ = {isa = PBXBuildFile; fileRef = 3C6248CA1E55548D00125670 /* CustomNavigationController.m */; };
		3C6248D01E55548D00125670 /* CustomTabBar.m in Sources */ = {isa = PBXBuildFile; fileRef = 3C6248CC1E55548D00125670 /* CustomTabBar.m */; };
		3C6248D11E55548D00125670 /* CustomTabBarController.m in Sources */ = {isa = PBXBuildFile; fileRef = 3C6248CE1E55548D00125670 /* CustomTabBarController.m */; };
		3C98FA201E5C3B63008E300A /* EHVideoViewController.m in Sources */ = {isa = PBXBuildFile; fileRef = 3C98FA1E1E5C3B63008E300A /* EHVideoViewController.m */; };
		3C98FA211E5C3B63008E300A /* EHVideoViewController.xib in Resources */ = {isa = PBXBuildFile; fileRef = 3C98FA1F1E5C3B63008E300A /* EHVideoViewController.xib */; };
		3CA85F691E5D12FF00980746 /* messModel.m in Sources */ = {isa = PBXBuildFile; fileRef = 3CA85F661E5D12FF00980746 /* messModel.m */; };
		3CA85F6A1E5D12FF00980746 /* modelFrame.m in Sources */ = {isa = PBXBuildFile; fileRef = 3CA85F681E5D12FF00980746 /* modelFrame.m */; };
		3CA85F6D1E5D130B00980746 /* dataPlist.plist in Resources */ = {isa = PBXBuildFile; fileRef = 3CA85F6B1E5D130B00980746 /* dataPlist.plist */; };
		3CA85F6E1E5D130B00980746 /* Foundation+Log.m in Sources */ = {isa = PBXBuildFile; fileRef = 3CA85F6C1E5D130B00980746 /* Foundation+Log.m */; };
		3CA85F711E5D131900980746 /* CustomTableViewCell.m in Sources */ = {isa = PBXBuildFile; fileRef = 3CA85F701E5D131900980746 /* CustomTableViewCell.m */; };
		3CA85F751E5D136F00980746 /* ChatViewController.m in Sources */ = {isa = PBXBuildFile; fileRef = 3CA85F731E5D136F00980746 /* ChatViewController.m */; };
		3CA85F761E5D136F00980746 /* ChatViewController.xib in Resources */ = {isa = PBXBuildFile; fileRef = 3CA85F741E5D136F00980746 /* ChatViewController.xib */; };
		3CBE41CD1E59BA0100C5414E /* EHConsultHeaderView.m in Sources */ = {isa = PBXBuildFile; fileRef = 3CBE41CC1E59BA0100C5414E /* EHConsultHeaderView.m */; };
		3CBE41CF1E59BA0E00C5414E /* EHConsultHeaderView.xib in Resources */ = {isa = PBXBuildFile; fileRef = 3CBE41CE1E59BA0E00C5414E /* EHConsultHeaderView.xib */; };
		3CBE41D31E59BDA200C5414E /* EHConsultTableViewCell.m in Sources */ = {isa = PBXBuildFile; fileRef = 3CBE41D11E59BDA200C5414E /* EHConsultTableViewCell.m */; };
		3CBE41D41E59BDA200C5414E /* EHConsultTableViewCell.xib in Resources */ = {isa = PBXBuildFile; fileRef = 3CBE41D21E59BDA200C5414E /* EHConsultTableViewCell.xib */; };
		3CF1BB2A1E5578E800A19245 /* EHCourseViewController.m in Sources */ = {isa = PBXBuildFile; fileRef = 3CF1BB281E5578E800A19245 /* EHCourseViewController.m */; };
		3CF1BB2B1E5578E800A19245 /* EHCourseViewController.xib in Resources */ = {isa = PBXBuildFile; fileRef = 3CF1BB291E5578E800A19245 /* EHCourseViewController.xib */; };
		3CF1BB2F1E5596C900A19245 /* MenuView.m in Sources */ = {isa = PBXBuildFile; fileRef = 3CF1BB2E1E5596C900A19245 /* MenuView.m */; };
		3CF1BB351E55973E00A19245 /* LeftMenuViewDemo.m in Sources */ = {isa = PBXBuildFile; fileRef = 3CF1BB341E55973E00A19245 /* LeftMenuViewDemo.m */; };
		3CF1BB391E55A9CA00A19245 /* LeftMenuTableViewCell.m in Sources */ = {isa = PBXBuildFile; fileRef = 3CF1BB371E55A9CA00A19245 /* LeftMenuTableViewCell.m */; };
		3CF1BB3A1E55A9CA00A19245 /* LeftMenuTableViewCell.xib in Resources */ = {isa = PBXBuildFile; fileRef = 3CF1BB381E55A9CA00A19245 /* LeftMenuTableViewCell.xib */; };
		3CF1BB3E1E569D5D00A19245 /* EHGraphicTableViewCell.m in Sources */ = {isa = PBXBuildFile; fileRef = 3CF1BB3C1E569D5D00A19245 /* EHGraphicTableViewCell.m */; };
		3CF1BB3F1E569D5D00A19245 /* EHGraphicTableViewCell.xib in Resources */ = {isa = PBXBuildFile; fileRef = 3CF1BB3D1E569D5D00A19245 /* EHGraphicTableViewCell.xib */; };
		3CF1BB4D1E56C56000A19245 /* EHCourseCollectionViewCell.m in Sources */ = {isa = PBXBuildFile; fileRef = 3CF1BB4B1E56C56000A19245 /* EHCourseCollectionViewCell.m */; };
		3CF1BB4E1E56C56000A19245 /* EHCourseCollectionViewCell.xib in Resources */ = {isa = PBXBuildFile; fileRef = 3CF1BB4C1E56C56000A19245 /* EHCourseCollectionViewCell.xib */; };
		3CF1BB511E56CA3F00A19245 /* EHCourseCollectionViewFlowLayout.m in Sources */ = {isa = PBXBuildFile; fileRef = 3CF1BB501E56CA3F00A19245 /* EHCourseCollectionViewFlowLayout.m */; };
		3CF1BB551E56DA4B00A19245 /* EHScienceTableViewCell.m in Sources */ = {isa = PBXBuildFile; fileRef = 3CF1BB531E56DA4B00A19245 /* EHScienceTableViewCell.m */; };
		3CF1BB561E56DA4B00A19245 /* EHScienceTableViewCell.xib in Resources */ = {isa = PBXBuildFile; fileRef = 3CF1BB541E56DA4B00A19245 /* EHScienceTableViewCell.xib */; };
		3CF1BB5A1E5958BB00A19245 /* EHScreenViewController.m in Sources */ = {isa = PBXBuildFile; fileRef = 3CF1BB581E5958BB00A19245 /* EHScreenViewController.m */; };
		3CF1BB5B1E5958BB00A19245 /* EHScreenViewController.xib in Resources */ = {isa = PBXBuildFile; fileRef = 3CF1BB591E5958BB00A19245 /* EHScreenViewController.xib */; };
		3CF1BB5F1E595B8000A19245 /* VWaterView.m in Sources */ = {isa = PBXBuildFile; fileRef = 3CF1BB5E1E595B8000A19245 /* VWaterView.m */; };
		3CF1BB631E59695400A19245 /* EHAdjustTableViewCell.m in Sources */ = {isa = PBXBuildFile; fileRef = 3CF1BB611E59695400A19245 /* EHAdjustTableViewCell.m */; };
		3CF1BB641E59695400A19245 /* EHAdjustTableViewCell.xib in Resources */ = {isa = PBXBuildFile; fileRef = 3CF1BB621E59695400A19245 /* EHAdjustTableViewCell.xib */; };
/* End PBXBuildFile section */

/* Begin PBXContainerItemProxy section */
		3C6248631E55346000125670 /* PBXContainerItemProxy */ = {
			isa = PBXContainerItemProxy;
			containerPortal = 3C6248411E55346000125670 /* Project object */;
			proxyType = 1;
			remoteGlobalIDString = 3C6248481E55346000125670;
			remoteInfo = eyeHelp;
		};
		3C62486E1E55346000125670 /* PBXContainerItemProxy */ = {
			isa = PBXContainerItemProxy;
			containerPortal = 3C6248411E55346000125670 /* Project object */;
			proxyType = 1;
			remoteGlobalIDString = 3C6248481E55346000125670;
			remoteInfo = eyeHelp;
		};
/* End PBXContainerItemProxy section */

/* Begin PBXFileReference section */
		0022CD5E6F87FAF0691DF347 /* libPods-eyeHelp.a */ = {isa = PBXFileReference; explicitFileType = archive.ar; includeInIndex = 0; path = "libPods-eyeHelp.a"; sourceTree = BUILT_PRODUCTS_DIR; };
		1AFC15FEAC16A47E3DE97FDC /* libPods-eyeHelpUITests.a */ = {isa = PBXFileReference; explicitFileType = archive.ar; includeInIndex = 0; path = "libPods-eyeHelpUITests.a"; sourceTree = BUILT_PRODUCTS_DIR; };
		3C30E1FB1E5A7D1B0073F505 /* MyCollectionViewCell.h */ = {isa = PBXFileReference; fileEncoding = 4; lastKnownFileType = sourcecode.c.h; name = MyCollectionViewCell.h; path = Class/Module/Consult/Views/MyCollectionViewCell.h; sourceTree = "<group>"; };
		3C30E1FC1E5A7D1B0073F505 /* MyCollectionViewCell.m */ = {isa = PBXFileReference; fileEncoding = 4; lastKnownFileType = sourcecode.c.objc; name = MyCollectionViewCell.m; path = Class/Module/Consult/Views/MyCollectionViewCell.m; sourceTree = "<group>"; };
		3C30E1FF1E5A92760073F505 /* DashesLineView.h */ = {isa = PBXFileReference; fileEncoding = 4; lastKnownFileType = sourcecode.c.h; name = DashesLineView.h; path = "Category/折线图/DashesLineView.h"; sourceTree = "<group>"; };
		3C30E2001E5A92760073F505 /* DashesLineView.m */ = {isa = PBXFileReference; fileEncoding = 4; lastKnownFileType = sourcecode.c.objc; name = DashesLineView.m; path = "Category/折线图/DashesLineView.m"; sourceTree = "<group>"; };
		3C30E2011E5A92760073F505 /* GraphBar.h */ = {isa = PBXFileReference; fileEncoding = 4; lastKnownFileType = sourcecode.c.h; name = GraphBar.h; path = "Category/折线图/GraphBar.h"; sourceTree = "<group>"; };
		3C30E2021E5A92760073F505 /* GraphBar.m */ = {isa = PBXFileReference; fileEncoding = 4; lastKnownFileType = sourcecode.c.objc; name = GraphBar.m; path = "Category/折线图/GraphBar.m"; sourceTree = "<group>"; };
		3C30E2031E5A92760073F505 /* GraphConstants.h */ = {isa = PBXFileReference; fileEncoding = 4; lastKnownFileType = sourcecode.c.h; name = GraphConstants.h; path = "Category/折线图/GraphConstants.h"; sourceTree = "<group>"; };
		3C30E2041E5A92760073F505 /* GraphDot.h */ = {isa = PBXFileReference; fileEncoding = 4; lastKnownFileType = sourcecode.c.h; name = GraphDot.h; path = "Category/折线图/GraphDot.h"; sourceTree = "<group>"; };
		3C30E2051E5A92760073F505 /* GraphDot.m */ = {isa = PBXFileReference; fileEncoding = 4; lastKnownFileType = sourcecode.c.objc; name = GraphDot.m; path = "Category/折线图/GraphDot.m"; sourceTree = "<group>"; };
		3C30E2061E5A92760073F505 /* GraphLine.h */ = {isa = PBXFileReference; fileEncoding = 4; lastKnownFileType = sourcecode.c.h; name = GraphLine.h; path = "Category/折线图/GraphLine.h"; sourceTree = "<group>"; };
		3C30E2071E5A92760073F505 /* GraphLine.m */ = {isa = PBXFileReference; fileEncoding = 4; lastKnownFileType = sourcecode.c.objc; name = GraphLine.m; path = "Category/折线图/GraphLine.m"; sourceTree = "<group>"; };
		3C30E2081E5A92760073F505 /* GraphPopView.h */ = {isa = PBXFileReference; fileEncoding = 4; lastKnownFileType = sourcecode.c.h; name = GraphPopView.h; path = "Category/折线图/GraphPopView.h"; sourceTree = "<group>"; };
		3C30E2091E5A92760073F505 /* GraphPopView.m */ = {isa = PBXFileReference; fileEncoding = 4; lastKnownFileType = sourcecode.c.objc; name = GraphPopView.m; path = "Category/折线图/GraphPopView.m"; sourceTree = "<group>"; };
		3C30E20A1E5A92760073F505 /* GraphView.h */ = {isa = PBXFileReference; fileEncoding = 4; lastKnownFileType = sourcecode.c.h; name = GraphView.h; path = "Category/折线图/GraphView.h"; sourceTree = "<group>"; };
		3C30E20B1E5A92760073F505 /* GraphView.m */ = {isa = PBXFileReference; fileEncoding = 4; lastKnownFileType = sourcecode.c.objc; name = GraphView.m; path = "Category/折线图/GraphView.m"; sourceTree = "<group>"; };
		3C30E20C1E5A92760073F505 /* UIView+mySize.h */ = {isa = PBXFileReference; fileEncoding = 4; lastKnownFileType = sourcecode.c.h; name = "UIView+mySize.h"; path = "Category/折线图/UIView+mySize.h"; sourceTree = "<group>"; };
		3C30E20D1E5A92760073F505 /* UIView+mySize.m */ = {isa = PBXFileReference; fileEncoding = 4; lastKnownFileType = sourcecode.c.objc; name = "UIView+mySize.m"; path = "Category/折线图/UIView+mySize.m"; sourceTree = "<group>"; };
		3C30E2151E5A92B80073F505 /* EHChartViewViewController.h */ = {isa = PBXFileReference; fileEncoding = 4; lastKnownFileType = sourcecode.c.h; name = EHChartViewViewController.h; path = Class/Module/Screen/ViewControllers/EHChartViewViewController.h; sourceTree = "<group>"; };
		3C30E2161E5A92B80073F505 /* EHChartViewViewController.m */ = {isa = PBXFileReference; fileEncoding = 4; lastKnownFileType = sourcecode.c.objc; name = EHChartViewViewController.m; path = Class/Module/Screen/ViewControllers/EHChartViewViewController.m; sourceTree = "<group>"; };
		3C30E2171E5A92B80073F505 /* EHChartViewViewController.xib */ = {isa = PBXFileReference; fileEncoding = 4; lastKnownFileType = file.xib; name = EHChartViewViewController.xib; path = Class/Module/Screen/ViewControllers/EHChartViewViewController.xib; sourceTree = "<group>"; };
		3C30E21A1E5AD27D0073F505 /* EHGraphicTextViewController.h */ = {isa = PBXFileReference; fileEncoding = 4; lastKnownFileType = sourcecode.c.h; name = EHGraphicTextViewController.h; path = Class/Module/Course/ViewControllers/EHGraphicTextViewController.h; sourceTree = "<group>"; };
		3C30E21B1E5AD27D0073F505 /* EHGraphicTextViewController.m */ = {isa = PBXFileReference; fileEncoding = 4; lastKnownFileType = sourcecode.c.objc; name = EHGraphicTextViewController.m; path = Class/Module/Course/ViewControllers/EHGraphicTextViewController.m; sourceTree = "<group>"; };
		3C30E21C1E5AD27D0073F505 /* EHGraphicTextViewController.xib */ = {isa = PBXFileReference; fileEncoding = 4; lastKnownFileType = file.xib; name = EHGraphicTextViewController.xib; path = Class/Module/Course/ViewControllers/EHGraphicTextViewController.xib; sourceTree = "<group>"; };
		3C6248491E55346000125670 /* eyeHelp.app */ = {isa = PBXFileReference; explicitFileType = wrapper.application; includeInIndex = 0; path = eyeHelp.app; sourceTree = BUILT_PRODUCTS_DIR; };
		3C62484D1E55346000125670 /* main.m */ = {isa = PBXFileReference; lastKnownFileType = sourcecode.c.objc; path = main.m; sourceTree = "<group>"; };
		3C62484F1E55346000125670 /* AppDelegate.h */ = {isa = PBXFileReference; lastKnownFileType = sourcecode.c.h; path = AppDelegate.h; sourceTree = "<group>"; };
		3C6248501E55346000125670 /* AppDelegate.m */ = {isa = PBXFileReference; lastKnownFileType = sourcecode.c.objc; path = AppDelegate.m; sourceTree = "<group>"; };
		3C6248561E55346000125670 /* Base */ = {isa = PBXFileReference; lastKnownFileType = file.storyboard; name = Base; path = Base.lproj/Main.storyboard; sourceTree = "<group>"; };
		3C6248581E55346000125670 /* Assets.xcassets */ = {isa = PBXFileReference; lastKnownFileType = folder.assetcatalog; path = Assets.xcassets; sourceTree = "<group>"; };
		3C62485B1E55346000125670 /* Base */ = {isa = PBXFileReference; lastKnownFileType = file.storyboard; name = Base; path = Base.lproj/LaunchScreen.storyboard; sourceTree = "<group>"; };
		3C62485D1E55346000125670 /* Info.plist */ = {isa = PBXFileReference; lastKnownFileType = text.plist.xml; path = Info.plist; sourceTree = "<group>"; };
		3C6248621E55346000125670 /* eyeHelpTests.xctest */ = {isa = PBXFileReference; explicitFileType = wrapper.cfbundle; includeInIndex = 0; path = eyeHelpTests.xctest; sourceTree = BUILT_PRODUCTS_DIR; };
		3C6248661E55346000125670 /* eyeHelpTests.m */ = {isa = PBXFileReference; lastKnownFileType = sourcecode.c.objc; path = eyeHelpTests.m; sourceTree = "<group>"; };
		3C6248681E55346000125670 /* Info.plist */ = {isa = PBXFileReference; lastKnownFileType = text.plist.xml; path = Info.plist; sourceTree = "<group>"; };
		3C62486D1E55346000125670 /* eyeHelpUITests.xctest */ = {isa = PBXFileReference; explicitFileType = wrapper.cfbundle; includeInIndex = 0; path = eyeHelpUITests.xctest; sourceTree = BUILT_PRODUCTS_DIR; };
		3C6248711E55346000125670 /* eyeHelpUITests.m */ = {isa = PBXFileReference; lastKnownFileType = sourcecode.c.objc; path = eyeHelpUITests.m; sourceTree = "<group>"; };
		3C6248731E55346000125670 /* Info.plist */ = {isa = PBXFileReference; lastKnownFileType = text.plist.xml; path = Info.plist; sourceTree = "<group>"; };
		3C6248841E553CA200125670 /* PrefixHeader.pch */ = {isa = PBXFileReference; fileEncoding = 4; lastKnownFileType = sourcecode.c.h; name = PrefixHeader.pch; path = Configs/PrefixHeader.pch; sourceTree = "<group>"; };
		3C6248851E553EB900125670 /* Constants.h */ = {isa = PBXFileReference; fileEncoding = 4; lastKnownFileType = sourcecode.c.h; name = Constants.h; path = Configs/Constants.h; sourceTree = "<group>"; };
		3C6248871E553EF000125670 /* Enumeration.h */ = {isa = PBXFileReference; fileEncoding = 4; lastKnownFileType = sourcecode.c.h; name = Enumeration.h; path = Configs/Enumeration.h; sourceTree = "<group>"; };
		3C6248A21E55436F00125670 /* EHScienceTableViewController.h */ = {isa = PBXFileReference; fileEncoding = 4; lastKnownFileType = sourcecode.c.h; name = EHScienceTableViewController.h; path = Class/Module/Science/ViewControllers/EHScienceTableViewController.h; sourceTree = "<group>"; };
		3C6248A31E55436F00125670 /* EHScienceTableViewController.m */ = {isa = PBXFileReference; fileEncoding = 4; lastKnownFileType = sourcecode.c.objc; name = EHScienceTableViewController.m; path = Class/Module/Science/ViewControllers/EHScienceTableViewController.m; sourceTree = "<group>"; };
		3C6248A41E55436F00125670 /* EHScienceTableViewController.xib */ = {isa = PBXFileReference; fileEncoding = 4; lastKnownFileType = file.xib; name = EHScienceTableViewController.xib; path = Class/Module/Science/ViewControllers/EHScienceTableViewController.xib; sourceTree = "<group>"; };
		3C6248AC1E5543B900125670 /* EHConsultTableViewController.h */ = {isa = PBXFileReference; fileEncoding = 4; lastKnownFileType = sourcecode.c.h; name = EHConsultTableViewController.h; path = Class/Module/Consult/ViewControllers/EHConsultTableViewController.h; sourceTree = "<group>"; };
		3C6248AD1E5543B900125670 /* EHConsultTableViewController.m */ = {isa = PBXFileReference; fileEncoding = 4; lastKnownFileType = sourcecode.c.objc; name = EHConsultTableViewController.m; path = Class/Module/Consult/ViewControllers/EHConsultTableViewController.m; sourceTree = "<group>"; };
		3C6248AE1E5543B900125670 /* EHConsultTableViewController.xib */ = {isa = PBXFileReference; fileEncoding = 4; lastKnownFileType = file.xib; name = EHConsultTableViewController.xib; path = Class/Module/Consult/ViewControllers/EHConsultTableViewController.xib; sourceTree = "<group>"; };
		3C6248B11E5543CC00125670 /* EHMineTableViewController.h */ = {isa = PBXFileReference; fileEncoding = 4; lastKnownFileType = sourcecode.c.h; name = EHMineTableViewController.h; path = Class/Module/Mine/ViewControllers/EHMineTableViewController.h; sourceTree = "<group>"; };
		3C6248B21E5543CC00125670 /* EHMineTableViewController.m */ = {isa = PBXFileReference; fileEncoding = 4; lastKnownFileType = sourcecode.c.objc; name = EHMineTableViewController.m; path = Class/Module/Mine/ViewControllers/EHMineTableViewController.m; sourceTree = "<group>"; };
		3C6248B31E5543CC00125670 /* EHMineTableViewController.xib */ = {isa = PBXFileReference; fileEncoding = 4; lastKnownFileType = file.xib; name = EHMineTableViewController.xib; path = Class/Module/Mine/ViewControllers/EHMineTableViewController.xib; sourceTree = "<group>"; };
		3C6248C91E55548D00125670 /* CustomNavigationController.h */ = {isa = PBXFileReference; fileEncoding = 4; lastKnownFileType = sourcecode.c.h; name = CustomNavigationController.h; path = Class/Base/CustomNavigationController.h; sourceTree = "<group>"; };
		3C6248CA1E55548D00125670 /* CustomNavigationController.m */ = {isa = PBXFileReference; fileEncoding = 4; lastKnownFileType = sourcecode.c.objc; name = CustomNavigationController.m; path = Class/Base/CustomNavigationController.m; sourceTree = "<group>"; };
		3C6248CB1E55548D00125670 /* CustomTabBar.h */ = {isa = PBXFileReference; fileEncoding = 4; lastKnownFileType = sourcecode.c.h; name = CustomTabBar.h; path = Class/Base/CustomTabBar.h; sourceTree = "<group>"; };
		3C6248CC1E55548D00125670 /* CustomTabBar.m */ = {isa = PBXFileReference; fileEncoding = 4; lastKnownFileType = sourcecode.c.objc; name = CustomTabBar.m; path = Class/Base/CustomTabBar.m; sourceTree = "<group>"; };
		3C6248CD1E55548D00125670 /* CustomTabBarController.h */ = {isa = PBXFileReference; fileEncoding = 4; lastKnownFileType = sourcecode.c.h; name = CustomTabBarController.h; path = Class/Base/CustomTabBarController.h; sourceTree = "<group>"; };
		3C6248CE1E55548D00125670 /* CustomTabBarController.m */ = {isa = PBXFileReference; fileEncoding = 4; lastKnownFileType = sourcecode.c.objc; name = CustomTabBarController.m; path = Class/Base/CustomTabBarController.m; sourceTree = "<group>"; };
		3C98FA1D1E5C3B63008E300A /* EHVideoViewController.h */ = {isa = PBXFileReference; fileEncoding = 4; lastKnownFileType = sourcecode.c.h; name = EHVideoViewController.h; path = Class/Module/Course/ViewControllers/EHVideoViewController.h; sourceTree = "<group>"; };
		3C98FA1E1E5C3B63008E300A /* EHVideoViewController.m */ = {isa = PBXFileReference; fileEncoding = 4; lastKnownFileType = sourcecode.c.objc; name = EHVideoViewController.m; path = Class/Module/Course/ViewControllers/EHVideoViewController.m; sourceTree = "<group>"; };
		3C98FA1F1E5C3B63008E300A /* EHVideoViewController.xib */ = {isa = PBXFileReference; fileEncoding = 4; lastKnownFileType = file.xib; name = EHVideoViewController.xib; path = Class/Module/Course/ViewControllers/EHVideoViewController.xib; sourceTree = "<group>"; };
		3CA85F651E5D12FF00980746 /* messModel.h */ = {isa = PBXFileReference; fileEncoding = 4; lastKnownFileType = sourcecode.c.h; name = messModel.h; path = Class/Module/Chat/Modules/messModel.h; sourceTree = "<group>"; };
		3CA85F661E5D12FF00980746 /* messModel.m */ = {isa = PBXFileReference; fileEncoding = 4; lastKnownFileType = sourcecode.c.objc; name = messModel.m; path = Class/Module/Chat/Modules/messModel.m; sourceTree = "<group>"; };
		3CA85F671E5D12FF00980746 /* modelFrame.h */ = {isa = PBXFileReference; fileEncoding = 4; lastKnownFileType = sourcecode.c.h; name = modelFrame.h; path = Class/Module/Chat/Modules/modelFrame.h; sourceTree = "<group>"; };
		3CA85F681E5D12FF00980746 /* modelFrame.m */ = {isa = PBXFileReference; fileEncoding = 4; lastKnownFileType = sourcecode.c.objc; name = modelFrame.m; path = Class/Module/Chat/Modules/modelFrame.m; sourceTree = "<group>"; };
		3CA85F6B1E5D130B00980746 /* dataPlist.plist */ = {isa = PBXFileReference; fileEncoding = 4; lastKnownFileType = text.plist.xml; name = dataPlist.plist; path = Class/Module/Chat/dataPlist.plist; sourceTree = "<group>"; };
		3CA85F6C1E5D130B00980746 /* Foundation+Log.m */ = {isa = PBXFileReference; fileEncoding = 4; lastKnownFileType = sourcecode.c.objc; name = "Foundation+Log.m"; path = "Class/Module/Chat/Foundation+Log.m"; sourceTree = "<group>"; };
		3CA85F6F1E5D131900980746 /* CustomTableViewCell.h */ = {isa = PBXFileReference; fileEncoding = 4; lastKnownFileType = sourcecode.c.h; name = CustomTableViewCell.h; path = Class/Module/Chat/Views/CustomTableViewCell.h; sourceTree = "<group>"; };
		3CA85F701E5D131900980746 /* CustomTableViewCell.m */ = {isa = PBXFileReference; fileEncoding = 4; lastKnownFileType = sourcecode.c.objc; name = CustomTableViewCell.m; path = Class/Module/Chat/Views/CustomTableViewCell.m; sourceTree = "<group>"; };
		3CA85F721E5D136F00980746 /* ChatViewController.h */ = {isa = PBXFileReference; fileEncoding = 4; lastKnownFileType = sourcecode.c.h; name = ChatViewController.h; path = Class/Module/Chat/ViewControllers/ChatViewController.h; sourceTree = "<group>"; };
		3CA85F731E5D136F00980746 /* ChatViewController.m */ = {isa = PBXFileReference; fileEncoding = 4; lastKnownFileType = sourcecode.c.objc; name = ChatViewController.m; path = Class/Module/Chat/ViewControllers/ChatViewController.m; sourceTree = "<group>"; };
		3CA85F741E5D136F00980746 /* ChatViewController.xib */ = {isa = PBXFileReference; fileEncoding = 4; lastKnownFileType = file.xib; name = ChatViewController.xib; path = Class/Module/Chat/ViewControllers/ChatViewController.xib; sourceTree = "<group>"; };
		3CBE41CB1E59BA0100C5414E /* EHConsultHeaderView.h */ = {isa = PBXFileReference; fileEncoding = 4; lastKnownFileType = sourcecode.c.h; name = EHConsultHeaderView.h; path = Class/Module/Consult/Views/EHConsultHeaderView.h; sourceTree = "<group>"; };
		3CBE41CC1E59BA0100C5414E /* EHConsultHeaderView.m */ = {isa = PBXFileReference; fileEncoding = 4; lastKnownFileType = sourcecode.c.objc; name = EHConsultHeaderView.m; path = Class/Module/Consult/Views/EHConsultHeaderView.m; sourceTree = "<group>"; };
		3CBE41CE1E59BA0E00C5414E /* EHConsultHeaderView.xib */ = {isa = PBXFileReference; fileEncoding = 4; lastKnownFileType = file.xib; name = EHConsultHeaderView.xib; path = Class/Module/Consult/Views/EHConsultHeaderView.xib; sourceTree = "<group>"; };
		3CBE41D01E59BDA200C5414E /* EHConsultTableViewCell.h */ = {isa = PBXFileReference; fileEncoding = 4; lastKnownFileType = sourcecode.c.h; name = EHConsultTableViewCell.h; path = Class/Module/Consult/Views/EHConsultTableViewCell.h; sourceTree = "<group>"; };
		3CBE41D11E59BDA200C5414E /* EHConsultTableViewCell.m */ = {isa = PBXFileReference; fileEncoding = 4; lastKnownFileType = sourcecode.c.objc; name = EHConsultTableViewCell.m; path = Class/Module/Consult/Views/EHConsultTableViewCell.m; sourceTree = "<group>"; };
		3CBE41D21E59BDA200C5414E /* EHConsultTableViewCell.xib */ = {isa = PBXFileReference; fileEncoding = 4; lastKnownFileType = file.xib; name = EHConsultTableViewCell.xib; path = Class/Module/Consult/Views/EHConsultTableViewCell.xib; sourceTree = "<group>"; };
		3CF1BB271E5578E800A19245 /* EHCourseViewController.h */ = {isa = PBXFileReference; fileEncoding = 4; lastKnownFileType = sourcecode.c.h; name = EHCourseViewController.h; path = Class/Module/Course/ViewControllers/EHCourseViewController.h; sourceTree = "<group>"; };
		3CF1BB281E5578E800A19245 /* EHCourseViewController.m */ = {isa = PBXFileReference; fileEncoding = 4; lastKnownFileType = sourcecode.c.objc; name = EHCourseViewController.m; path = Class/Module/Course/ViewControllers/EHCourseViewController.m; sourceTree = "<group>"; };
		3CF1BB291E5578E800A19245 /* EHCourseViewController.xib */ = {isa = PBXFileReference; fileEncoding = 4; lastKnownFileType = file.xib; name = EHCourseViewController.xib; path = Class/Module/Course/ViewControllers/EHCourseViewController.xib; sourceTree = "<group>"; };
		3CF1BB2D1E5596C900A19245 /* MenuView.h */ = {isa = PBXFileReference; fileEncoding = 4; lastKnownFileType = sourcecode.c.h; name = MenuView.h; path = "Category/侧滑/MenuView.h"; sourceTree = "<group>"; };
		3CF1BB2E1E5596C900A19245 /* MenuView.m */ = {isa = PBXFileReference; fileEncoding = 4; lastKnownFileType = sourcecode.c.objc; name = MenuView.m; path = "Category/侧滑/MenuView.m"; sourceTree = "<group>"; };
		3CF1BB331E55973E00A19245 /* LeftMenuViewDemo.h */ = {isa = PBXFileReference; fileEncoding = 4; lastKnownFileType = sourcecode.c.h; name = LeftMenuViewDemo.h; path = Class/Module/Course/ViewControllers/LeftMenuViewDemo.h; sourceTree = "<group>"; };
		3CF1BB341E55973E00A19245 /* LeftMenuViewDemo.m */ = {isa = PBXFileReference; fileEncoding = 4; lastKnownFileType = sourcecode.c.objc; name = LeftMenuViewDemo.m; path = Class/Module/Course/ViewControllers/LeftMenuViewDemo.m; sourceTree = "<group>"; };
		3CF1BB361E55A9CA00A19245 /* LeftMenuTableViewCell.h */ = {isa = PBXFileReference; fileEncoding = 4; lastKnownFileType = sourcecode.c.h; name = LeftMenuTableViewCell.h; path = Class/Module/Course/Views/LeftMenuTableViewCell.h; sourceTree = "<group>"; };
		3CF1BB371E55A9CA00A19245 /* LeftMenuTableViewCell.m */ = {isa = PBXFileReference; fileEncoding = 4; lastKnownFileType = sourcecode.c.objc; name = LeftMenuTableViewCell.m; path = Class/Module/Course/Views/LeftMenuTableViewCell.m; sourceTree = "<group>"; };
		3CF1BB381E55A9CA00A19245 /* LeftMenuTableViewCell.xib */ = {isa = PBXFileReference; fileEncoding = 4; lastKnownFileType = file.xib; name = LeftMenuTableViewCell.xib; path = Class/Module/Course/Views/LeftMenuTableViewCell.xib; sourceTree = "<group>"; };
		3CF1BB3B1E569D5D00A19245 /* EHGraphicTableViewCell.h */ = {isa = PBXFileReference; fileEncoding = 4; lastKnownFileType = sourcecode.c.h; name = EHGraphicTableViewCell.h; path = Class/Module/Course/Views/EHGraphicTableViewCell.h; sourceTree = "<group>"; };
		3CF1BB3C1E569D5D00A19245 /* EHGraphicTableViewCell.m */ = {isa = PBXFileReference; fileEncoding = 4; lastKnownFileType = sourcecode.c.objc; name = EHGraphicTableViewCell.m; path = Class/Module/Course/Views/EHGraphicTableViewCell.m; sourceTree = "<group>"; };
		3CF1BB3D1E569D5D00A19245 /* EHGraphicTableViewCell.xib */ = {isa = PBXFileReference; fileEncoding = 4; lastKnownFileType = file.xib; name = EHGraphicTableViewCell.xib; path = Class/Module/Course/Views/EHGraphicTableViewCell.xib; sourceTree = "<group>"; };
		3CF1BB4A1E56C56000A19245 /* EHCourseCollectionViewCell.h */ = {isa = PBXFileReference; fileEncoding = 4; lastKnownFileType = sourcecode.c.h; name = EHCourseCollectionViewCell.h; path = Class/Module/Course/Views/EHCourseCollectionViewCell.h; sourceTree = "<group>"; };
		3CF1BB4B1E56C56000A19245 /* EHCourseCollectionViewCell.m */ = {isa = PBXFileReference; fileEncoding = 4; lastKnownFileType = sourcecode.c.objc; name = EHCourseCollectionViewCell.m; path = Class/Module/Course/Views/EHCourseCollectionViewCell.m; sourceTree = "<group>"; };
		3CF1BB4C1E56C56000A19245 /* EHCourseCollectionViewCell.xib */ = {isa = PBXFileReference; fileEncoding = 4; lastKnownFileType = file.xib; name = EHCourseCollectionViewCell.xib; path = Class/Module/Course/Views/EHCourseCollectionViewCell.xib; sourceTree = "<group>"; };
		3CF1BB4F1E56CA3F00A19245 /* EHCourseCollectionViewFlowLayout.h */ = {isa = PBXFileReference; fileEncoding = 4; lastKnownFileType = sourcecode.c.h; name = EHCourseCollectionViewFlowLayout.h; path = Class/Module/Course/Views/EHCourseCollectionViewFlowLayout.h; sourceTree = "<group>"; };
		3CF1BB501E56CA3F00A19245 /* EHCourseCollectionViewFlowLayout.m */ = {isa = PBXFileReference; fileEncoding = 4; lastKnownFileType = sourcecode.c.objc; name = EHCourseCollectionViewFlowLayout.m; path = Class/Module/Course/Views/EHCourseCollectionViewFlowLayout.m; sourceTree = "<group>"; };
		3CF1BB521E56DA4B00A19245 /* EHScienceTableViewCell.h */ = {isa = PBXFileReference; fileEncoding = 4; lastKnownFileType = sourcecode.c.h; name = EHScienceTableViewCell.h; path = Class/Module/Science/Views/EHScienceTableViewCell.h; sourceTree = "<group>"; };
		3CF1BB531E56DA4B00A19245 /* EHScienceTableViewCell.m */ = {isa = PBXFileReference; fileEncoding = 4; lastKnownFileType = sourcecode.c.objc; name = EHScienceTableViewCell.m; path = Class/Module/Science/Views/EHScienceTableViewCell.m; sourceTree = "<group>"; };
		3CF1BB541E56DA4B00A19245 /* EHScienceTableViewCell.xib */ = {isa = PBXFileReference; fileEncoding = 4; lastKnownFileType = file.xib; name = EHScienceTableViewCell.xib; path = Class/Module/Science/Views/EHScienceTableViewCell.xib; sourceTree = "<group>"; };
		3CF1BB571E5958BB00A19245 /* EHScreenViewController.h */ = {isa = PBXFileReference; fileEncoding = 4; lastKnownFileType = sourcecode.c.h; name = EHScreenViewController.h; path = Class/Module/Screen/ViewControllers/EHScreenViewController.h; sourceTree = "<group>"; };
		3CF1BB581E5958BB00A19245 /* EHScreenViewController.m */ = {isa = PBXFileReference; fileEncoding = 4; lastKnownFileType = sourcecode.c.objc; name = EHScreenViewController.m; path = Class/Module/Screen/ViewControllers/EHScreenViewController.m; sourceTree = "<group>"; };
		3CF1BB591E5958BB00A19245 /* EHScreenViewController.xib */ = {isa = PBXFileReference; fileEncoding = 4; lastKnownFileType = file.xib; name = EHScreenViewController.xib; path = Class/Module/Screen/ViewControllers/EHScreenViewController.xib; sourceTree = "<group>"; };
		3CF1BB5D1E595B8000A19245 /* VWaterView.h */ = {isa = PBXFileReference; fileEncoding = 4; lastKnownFileType = sourcecode.c.h; name = VWaterView.h; path = "Category/环形进度条/VWaterView.h"; sourceTree = "<group>"; };
		3CF1BB5E1E595B8000A19245 /* VWaterView.m */ = {isa = PBXFileReference; fileEncoding = 4; lastKnownFileType = sourcecode.c.objc; name = VWaterView.m; path = "Category/环形进度条/VWaterView.m"; sourceTree = "<group>"; };
		3CF1BB601E59695400A19245 /* EHAdjustTableViewCell.h */ = {isa = PBXFileReference; fileEncoding = 4; lastKnownFileType = sourcecode.c.h; name = EHAdjustTableViewCell.h; path = Class/Module/Screen/Views/EHAdjustTableViewCell.h; sourceTree = "<group>"; };
		3CF1BB611E59695400A19245 /* EHAdjustTableViewCell.m */ = {isa = PBXFileReference; fileEncoding = 4; lastKnownFileType = sourcecode.c.objc; name = EHAdjustTableViewCell.m; path = Class/Module/Screen/Views/EHAdjustTableViewCell.m; sourceTree = "<group>"; };
		3CF1BB621E59695400A19245 /* EHAdjustTableViewCell.xib */ = {isa = PBXFileReference; fileEncoding = 4; lastKnownFileType = file.xib; name = EHAdjustTableViewCell.xib; path = Class/Module/Screen/Views/EHAdjustTableViewCell.xib; sourceTree = "<group>"; };
		42CD977474DC0A65DF337F96 /* Pods-eyeHelp.release.xcconfig */ = {isa = PBXFileReference; includeInIndex = 1; lastKnownFileType = text.xcconfig; name = "Pods-eyeHelp.release.xcconfig"; path = "Pods/Target Support Files/Pods-eyeHelp/Pods-eyeHelp.release.xcconfig"; sourceTree = "<group>"; };
		4A6B458A0A722FCE921AEBA6 /* Pods-eyeHelpTests.debug.xcconfig */ = {isa = PBXFileReference; includeInIndex = 1; lastKnownFileType = text.xcconfig; name = "Pods-eyeHelpTests.debug.xcconfig"; path = "Pods/Target Support Files/Pods-eyeHelpTests/Pods-eyeHelpTests.debug.xcconfig"; sourceTree = "<group>"; };
		5C5425DD485F6BF6E0401646 /* Pods-eyeHelp.debug.xcconfig */ = {isa = PBXFileReference; includeInIndex = 1; lastKnownFileType = text.xcconfig; name = "Pods-eyeHelp.debug.xcconfig"; path = "Pods/Target Support Files/Pods-eyeHelp/Pods-eyeHelp.debug.xcconfig"; sourceTree = "<group>"; };
		838FCAF957B0FE9152A49D4A /* libPods-eyeHelpTests.a */ = {isa = PBXFileReference; explicitFileType = archive.ar; includeInIndex = 0; path = "libPods-eyeHelpTests.a"; sourceTree = BUILT_PRODUCTS_DIR; };
		B4E384F3A147BFC5E4F25663 /* Pods-eyeHelpUITests.release.xcconfig */ = {isa = PBXFileReference; includeInIndex = 1; lastKnownFileType = text.xcconfig; name = "Pods-eyeHelpUITests.release.xcconfig"; path = "Pods/Target Support Files/Pods-eyeHelpUITests/Pods-eyeHelpUITests.release.xcconfig"; sourceTree = "<group>"; };
		D5CF9D121ED0CDF4A3B0559A /* Pods-eyeHelpTests.release.xcconfig */ = {isa = PBXFileReference; includeInIndex = 1; lastKnownFileType = text.xcconfig; name = "Pods-eyeHelpTests.release.xcconfig"; path = "Pods/Target Support Files/Pods-eyeHelpTests/Pods-eyeHelpTests.release.xcconfig"; sourceTree = "<group>"; };
		E4E0EEE98B228E8116939656 /* Pods-eyeHelpUITests.debug.xcconfig */ = {isa = PBXFileReference; includeInIndex = 1; lastKnownFileType = text.xcconfig; name = "Pods-eyeHelpUITests.debug.xcconfig"; path = "Pods/Target Support Files/Pods-eyeHelpUITests/Pods-eyeHelpUITests.debug.xcconfig"; sourceTree = "<group>"; };
/* End PBXFileReference section */

/* Begin PBXFrameworksBuildPhase section */
		3C6248461E55346000125670 /* Frameworks */ = {
			isa = PBXFrameworksBuildPhase;
			buildActionMask = 2147483647;
			files = (
				330FCBB6BC54C4C2D2FB697F /* libPods-eyeHelp.a in Frameworks */,
			);
			runOnlyForDeploymentPostprocessing = 0;
		};
		3C62485F1E55346000125670 /* Frameworks */ = {
			isa = PBXFrameworksBuildPhase;
			buildActionMask = 2147483647;
			files = (
				005E5740A3C8C4EF5A9A96FA /* libPods-eyeHelpTests.a in Frameworks */,
			);
			runOnlyForDeploymentPostprocessing = 0;
		};
		3C62486A1E55346000125670 /* Frameworks */ = {
			isa = PBXFrameworksBuildPhase;
			buildActionMask = 2147483647;
			files = (
				386FFB37F655E4D245D2AA9D /* libPods-eyeHelpUITests.a in Frameworks */,
			);
			runOnlyForDeploymentPostprocessing = 0;
		};
/* End PBXFrameworksBuildPhase section */

/* Begin PBXGroup section */
		3C30E1FE1E5A924E0073F505 /* 折线图 */ = {
			isa = PBXGroup;
			children = (
				3C30E1FF1E5A92760073F505 /* DashesLineView.h */,
				3C30E2001E5A92760073F505 /* DashesLineView.m */,
				3C30E2011E5A92760073F505 /* GraphBar.h */,
				3C30E2021E5A92760073F505 /* GraphBar.m */,
				3C30E2031E5A92760073F505 /* GraphConstants.h */,
				3C30E2041E5A92760073F505 /* GraphDot.h */,
				3C30E2051E5A92760073F505 /* GraphDot.m */,
				3C30E2061E5A92760073F505 /* GraphLine.h */,
				3C30E2071E5A92760073F505 /* GraphLine.m */,
				3C30E2081E5A92760073F505 /* GraphPopView.h */,
				3C30E2091E5A92760073F505 /* GraphPopView.m */,
				3C30E20A1E5A92760073F505 /* GraphView.h */,
				3C30E20B1E5A92760073F505 /* GraphView.m */,
				3C30E20C1E5A92760073F505 /* UIView+mySize.h */,
				3C30E20D1E5A92760073F505 /* UIView+mySize.m */,
			);
			name = "折线图";
			sourceTree = "<group>";
		};
		3C6248401E55346000125670 = {
			isa = PBXGroup;
			children = (
				3C62484B1E55346000125670 /* eyeHelp */,
				3C6248651E55346000125670 /* eyeHelpTests */,
				3C6248701E55346000125670 /* eyeHelpUITests */,
				3C62484A1E55346000125670 /* Products */,
				7B1A6967BD2AEE9DD5847964 /* Pods */,
				48F5581946C8C2666836C115 /* Frameworks */,
			);
			sourceTree = "<group>";
		};
		3C62484A1E55346000125670 /* Products */ = {
			isa = PBXGroup;
			children = (
				3C6248491E55346000125670 /* eyeHelp.app */,
				3C6248621E55346000125670 /* eyeHelpTests.xctest */,
				3C62486D1E55346000125670 /* eyeHelpUITests.xctest */,
			);
			name = Products;
			sourceTree = "<group>";
		};
		3C62484B1E55346000125670 /* eyeHelp */ = {
			isa = PBXGroup;
			children = (
				3C6248801E553B8C00125670 /* Class */,
				3C6248811E553B9400125670 /* Configs */,
				3C62487F1E553B8000125670 /* Category */,
				3C62484F1E55346000125670 /* AppDelegate.h */,
				3C6248501E55346000125670 /* AppDelegate.m */,
				3C6248551E55346000125670 /* Main.storyboard */,
				3C6248581E55346000125670 /* Assets.xcassets */,
				3C62485A1E55346000125670 /* LaunchScreen.storyboard */,
				3C62485D1E55346000125670 /* Info.plist */,
				3C62484C1E55346000125670 /* Supporting Files */,
			);
			path = eyeHelp;
			sourceTree = "<group>";
		};
		3C62484C1E55346000125670 /* Supporting Files */ = {
			isa = PBXGroup;
			children = (
				3C62484D1E55346000125670 /* main.m */,
			);
			name = "Supporting Files";
			sourceTree = "<group>";
		};
		3C6248651E55346000125670 /* eyeHelpTests */ = {
			isa = PBXGroup;
			children = (
				3C6248661E55346000125670 /* eyeHelpTests.m */,
				3C6248681E55346000125670 /* Info.plist */,
			);
			path = eyeHelpTests;
			sourceTree = "<group>";
		};
		3C6248701E55346000125670 /* eyeHelpUITests */ = {
			isa = PBXGroup;
			children = (
				3C6248711E55346000125670 /* eyeHelpUITests.m */,
				3C6248731E55346000125670 /* Info.plist */,
			);
			path = eyeHelpUITests;
			sourceTree = "<group>";
		};
		3C62487F1E553B8000125670 /* Category */ = {
			isa = PBXGroup;
			children = (
				3C30E1FE1E5A924E0073F505 /* 折线图 */,
				3CF1BB5C1E595B6F00A19245 /* 环形进度条 */,
				3CF1BB2C1E5596BB00A19245 /* 侧滑 */,
			);
			name = Category;
			sourceTree = "<group>";
		};
		3C6248801E553B8C00125670 /* Class */ = {
			isa = PBXGroup;
			children = (
				3C62488A1E55420800125670 /* Module */,
				3C6248821E553BDF00125670 /* Base */,
			);
			name = Class;
			sourceTree = "<group>";
		};
		3C6248811E553B9400125670 /* Configs */ = {
			isa = PBXGroup;
			children = (
				3C6248841E553CA200125670 /* PrefixHeader.pch */,
				3C6248851E553EB900125670 /* Constants.h */,
				3C6248871E553EF000125670 /* Enumeration.h */,
			);
			name = Configs;
			sourceTree = "<group>";
		};
		3C6248821E553BDF00125670 /* Base */ = {
			isa = PBXGroup;
			children = (
				3C6248C91E55548D00125670 /* CustomNavigationController.h */,
				3C6248CA1E55548D00125670 /* CustomNavigationController.m */,
				3C6248CB1E55548D00125670 /* CustomTabBar.h */,
				3C6248CC1E55548D00125670 /* CustomTabBar.m */,
				3C6248CD1E55548D00125670 /* CustomTabBarController.h */,
				3C6248CE1E55548D00125670 /* CustomTabBarController.m */,
			);
			name = Base;
			sourceTree = "<group>";
		};
		3C6248831E553BE300125670 /* Modules */ = {
			isa = PBXGroup;
			children = (
			);
			name = Modules;
			sourceTree = "<group>";
		};
		3C6248881E5541D100125670 /* Mine */ = {
			isa = PBXGroup;
			children = (
				3C62489C1E55427500125670 /* Views */,
				3C6248971E55426000125670 /* ViewControllers */,
				3C6248831E553BE300125670 /* Modules */,
			);
			name = Mine;
			sourceTree = "<group>";
		};
		3C62488A1E55420800125670 /* Module */ = {
			isa = PBXGroup;
			children = (
				3CA85F611E5D127F00980746 /* Chat */,
				3C62488E1E55423300125670 /* Course */,
				3C62488D1E55422C00125670 /* Science */,
				3C62488C1E55422600125670 /* Screen */,
				3C62488B1E55421300125670 /* Consult */,
				3C6248881E5541D100125670 /* Mine */,
			);
			name = Module;
			sourceTree = "<group>";
		};
		3C62488B1E55421300125670 /* Consult */ = {
			isa = PBXGroup;
			children = (
				3C62489B1E55427200125670 /* Views */,
				3C6248961E55425E00125670 /* ViewControllers */,
				3C6248921E55424B00125670 /* Modules */,
			);
			name = Consult;
			sourceTree = "<group>";
		};
		3C62488C1E55422600125670 /* Screen */ = {
			isa = PBXGroup;
			children = (
				3C62489A1E55426D00125670 /* Views */,
				3C6248951E55425A00125670 /* ViewControllers */,
				3C6248911E55424800125670 /* Modules */,
			);
			name = Screen;
			sourceTree = "<group>";
		};
		3C62488D1E55422C00125670 /* Science */ = {
			isa = PBXGroup;
			children = (
				3C6248991E55426B00125670 /* Views */,
				3C6248941E55425700125670 /* ViewControllers */,
				3C6248901E55424400125670 /* Modules */,
			);
			name = Science;
			sourceTree = "<group>";
		};
		3C62488E1E55423300125670 /* Course */ = {
			isa = PBXGroup;
			children = (
				3C6248981E55426800125670 /* Views */,
				3C6248931E55425300125670 /* ViewControllers */,
				3C62488F1E55423800125670 /* Modules */,
			);
			name = Course;
			sourceTree = "<group>";
		};
		3C62488F1E55423800125670 /* Modules */ = {
			isa = PBXGroup;
			children = (
			);
			name = Modules;
			sourceTree = "<group>";
		};
		3C6248901E55424400125670 /* Modules */ = {
			isa = PBXGroup;
			children = (
			);
			name = Modules;
			sourceTree = "<group>";
		};
		3C6248911E55424800125670 /* Modules */ = {
			isa = PBXGroup;
			children = (
			);
			name = Modules;
			sourceTree = "<group>";
		};
		3C6248921E55424B00125670 /* Modules */ = {
			isa = PBXGroup;
			children = (
			);
			name = Modules;
			sourceTree = "<group>";
		};
		3C6248931E55425300125670 /* ViewControllers */ = {
			isa = PBXGroup;
			children = (
				3CF1BB331E55973E00A19245 /* LeftMenuViewDemo.h */,
				3CF1BB341E55973E00A19245 /* LeftMenuViewDemo.m */,
				3CF1BB271E5578E800A19245 /* EHCourseViewController.h */,
				3CF1BB281E5578E800A19245 /* EHCourseViewController.m */,
				3CF1BB291E5578E800A19245 /* EHCourseViewController.xib */,
				3C30E21A1E5AD27D0073F505 /* EHGraphicTextViewController.h */,
				3C30E21B1E5AD27D0073F505 /* EHGraphicTextViewController.m */,
				3C30E21C1E5AD27D0073F505 /* EHGraphicTextViewController.xib */,
				3C98FA1D1E5C3B63008E300A /* EHVideoViewController.h */,
				3C98FA1E1E5C3B63008E300A /* EHVideoViewController.m */,
				3C98FA1F1E5C3B63008E300A /* EHVideoViewController.xib */,
			);
			name = ViewControllers;
			sourceTree = "<group>";
		};
		3C6248941E55425700125670 /* ViewControllers */ = {
			isa = PBXGroup;
			children = (
				3C6248A21E55436F00125670 /* EHScienceTableViewController.h */,
				3C6248A31E55436F00125670 /* EHScienceTableViewController.m */,
				3C6248A41E55436F00125670 /* EHScienceTableViewController.xib */,
			);
			name = ViewControllers;
			sourceTree = "<group>";
		};
		3C6248951E55425A00125670 /* ViewControllers */ = {
			isa = PBXGroup;
			children = (
				3CF1BB571E5958BB00A19245 /* EHScreenViewController.h */,
				3CF1BB581E5958BB00A19245 /* EHScreenViewController.m */,
				3CF1BB591E5958BB00A19245 /* EHScreenViewController.xib */,
				3C30E2151E5A92B80073F505 /* EHChartViewViewController.h */,
				3C30E2161E5A92B80073F505 /* EHChartViewViewController.m */,
				3C30E2171E5A92B80073F505 /* EHChartViewViewController.xib */,
			);
			name = ViewControllers;
			sourceTree = "<group>";
		};
		3C6248961E55425E00125670 /* ViewControllers */ = {
			isa = PBXGroup;
			children = (
				3C6248AC1E5543B900125670 /* EHConsultTableViewController.h */,
				3C6248AD1E5543B900125670 /* EHConsultTableViewController.m */,
				3C6248AE1E5543B900125670 /* EHConsultTableViewController.xib */,
			);
			name = ViewControllers;
			sourceTree = "<group>";
		};
		3C6248971E55426000125670 /* ViewControllers */ = {
			isa = PBXGroup;
			children = (
				3C6248B11E5543CC00125670 /* EHMineTableViewController.h */,
				3C6248B21E5543CC00125670 /* EHMineTableViewController.m */,
				3C6248B31E5543CC00125670 /* EHMineTableViewController.xib */,
			);
			name = ViewControllers;
			sourceTree = "<group>";
		};
		3C6248981E55426800125670 /* Views */ = {
			isa = PBXGroup;
			children = (
				3CF1BB4F1E56CA3F00A19245 /* EHCourseCollectionViewFlowLayout.h */,
				3CF1BB501E56CA3F00A19245 /* EHCourseCollectionViewFlowLayout.m */,
				3CF1BB361E55A9CA00A19245 /* LeftMenuTableViewCell.h */,
				3CF1BB371E55A9CA00A19245 /* LeftMenuTableViewCell.m */,
				3CF1BB381E55A9CA00A19245 /* LeftMenuTableViewCell.xib */,
				3CF1BB3B1E569D5D00A19245 /* EHGraphicTableViewCell.h */,
				3CF1BB3C1E569D5D00A19245 /* EHGraphicTableViewCell.m */,
				3CF1BB3D1E569D5D00A19245 /* EHGraphicTableViewCell.xib */,
				3CF1BB4A1E56C56000A19245 /* EHCourseCollectionViewCell.h */,
				3CF1BB4B1E56C56000A19245 /* EHCourseCollectionViewCell.m */,
				3CF1BB4C1E56C56000A19245 /* EHCourseCollectionViewCell.xib */,
			);
			name = Views;
			sourceTree = "<group>";
		};
		3C6248991E55426B00125670 /* Views */ = {
			isa = PBXGroup;
			children = (
				3CF1BB521E56DA4B00A19245 /* EHScienceTableViewCell.h */,
				3CF1BB531E56DA4B00A19245 /* EHScienceTableViewCell.m */,
				3CF1BB541E56DA4B00A19245 /* EHScienceTableViewCell.xib */,
			);
			name = Views;
			sourceTree = "<group>";
		};
		3C62489A1E55426D00125670 /* Views */ = {
			isa = PBXGroup;
			children = (
				3CF1BB601E59695400A19245 /* EHAdjustTableViewCell.h */,
				3CF1BB611E59695400A19245 /* EHAdjustTableViewCell.m */,
				3CF1BB621E59695400A19245 /* EHAdjustTableViewCell.xib */,
			);
			name = Views;
			sourceTree = "<group>";
		};
		3C62489B1E55427200125670 /* Views */ = {
			isa = PBXGroup;
			children = (
				3C30E1FB1E5A7D1B0073F505 /* MyCollectionViewCell.h */,
				3C30E1FC1E5A7D1B0073F505 /* MyCollectionViewCell.m */,
				3CBE41CB1E59BA0100C5414E /* EHConsultHeaderView.h */,
				3CBE41CC1E59BA0100C5414E /* EHConsultHeaderView.m */,
				3CBE41CE1E59BA0E00C5414E /* EHConsultHeaderView.xib */,
				3CBE41D01E59BDA200C5414E /* EHConsultTableViewCell.h */,
				3CBE41D11E59BDA200C5414E /* EHConsultTableViewCell.m */,
				3CBE41D21E59BDA200C5414E /* EHConsultTableViewCell.xib */,
			);
			name = Views;
			sourceTree = "<group>";
		};
		3C62489C1E55427500125670 /* Views */ = {
			isa = PBXGroup;
			children = (
			);
			name = Views;
			sourceTree = "<group>";
		};
		3CA85F611E5D127F00980746 /* Chat */ = {
			isa = PBXGroup;
			children = (
				3CA85F6B1E5D130B00980746 /* dataPlist.plist */,
				3CA85F6C1E5D130B00980746 /* Foundation+Log.m */,
				3CA85F641E5D12E500980746 /* Modules */,
				3CA85F631E5D12E100980746 /* Views */,
				3CA85F621E5D12D700980746 /* ViewControllers */,
			);
			name = Chat;
			sourceTree = "<group>";
		};
		3CA85F621E5D12D700980746 /* ViewControllers */ = {
			isa = PBXGroup;
			children = (
				3CA85F721E5D136F00980746 /* ChatViewController.h */,
				3CA85F731E5D136F00980746 /* ChatViewController.m */,
				3CA85F741E5D136F00980746 /* ChatViewController.xib */,
			);
			name = ViewControllers;
			sourceTree = "<group>";
		};
		3CA85F631E5D12E100980746 /* Views */ = {
			isa = PBXGroup;
			children = (
				3CA85F6F1E5D131900980746 /* CustomTableViewCell.h */,
				3CA85F701E5D131900980746 /* CustomTableViewCell.m */,
			);
			name = Views;
			sourceTree = "<group>";
		};
		3CA85F641E5D12E500980746 /* Modules */ = {
			isa = PBXGroup;
			children = (
				3CA85F651E5D12FF00980746 /* messModel.h */,
				3CA85F661E5D12FF00980746 /* messModel.m */,
				3CA85F671E5D12FF00980746 /* modelFrame.h */,
				3CA85F681E5D12FF00980746 /* modelFrame.m */,
			);
			name = Modules;
			sourceTree = "<group>";
		};
		3CF1BB2C1E5596BB00A19245 /* 侧滑 */ = {
			isa = PBXGroup;
			children = (
				3CF1BB2D1E5596C900A19245 /* MenuView.h */,
				3CF1BB2E1E5596C900A19245 /* MenuView.m */,
			);
			name = "侧滑";
			sourceTree = "<group>";
		};
		3CF1BB5C1E595B6F00A19245 /* 环形进度条 */ = {
			isa = PBXGroup;
			children = (
				3CF1BB5D1E595B8000A19245 /* VWaterView.h */,
				3CF1BB5E1E595B8000A19245 /* VWaterView.m */,
			);
			name = "环形进度条";
			sourceTree = "<group>";
		};
		48F5581946C8C2666836C115 /* Frameworks */ = {
			isa = PBXGroup;
			children = (
				0022CD5E6F87FAF0691DF347 /* libPods-eyeHelp.a */,
				838FCAF957B0FE9152A49D4A /* libPods-eyeHelpTests.a */,
				1AFC15FEAC16A47E3DE97FDC /* libPods-eyeHelpUITests.a */,
			);
			name = Frameworks;
			sourceTree = "<group>";
		};
		7B1A6967BD2AEE9DD5847964 /* Pods */ = {
			isa = PBXGroup;
			children = (
				5C5425DD485F6BF6E0401646 /* Pods-eyeHelp.debug.xcconfig */,
				42CD977474DC0A65DF337F96 /* Pods-eyeHelp.release.xcconfig */,
				4A6B458A0A722FCE921AEBA6 /* Pods-eyeHelpTests.debug.xcconfig */,
				D5CF9D121ED0CDF4A3B0559A /* Pods-eyeHelpTests.release.xcconfig */,
				E4E0EEE98B228E8116939656 /* Pods-eyeHelpUITests.debug.xcconfig */,
				B4E384F3A147BFC5E4F25663 /* Pods-eyeHelpUITests.release.xcconfig */,
			);
			name = Pods;
			sourceTree = "<group>";
		};
/* End PBXGroup section */

/* Begin PBXNativeTarget section */
		3C6248481E55346000125670 /* eyeHelp */ = {
			isa = PBXNativeTarget;
			buildConfigurationList = 3C6248761E55346000125670 /* Build configuration list for PBXNativeTarget "eyeHelp" */;
			buildPhases = (
				4F2CE45FD53418D5018799DF /* [CP] Check Pods Manifest.lock */,
				3C6248451E55346000125670 /* Sources */,
				3C6248461E55346000125670 /* Frameworks */,
				3C6248471E55346000125670 /* Resources */,
				4763BDDF79BF14C41732557E /* [CP] Embed Pods Frameworks */,
				1F4D164E5148C8CF98577AE1 /* [CP] Copy Pods Resources */,
			);
			buildRules = (
			);
			dependencies = (
			);
			name = eyeHelp;
			productName = eyeHelp;
			productReference = 3C6248491E55346000125670 /* eyeHelp.app */;
			productType = "com.apple.product-type.application";
		};
		3C6248611E55346000125670 /* eyeHelpTests */ = {
			isa = PBXNativeTarget;
			buildConfigurationList = 3C6248791E55346000125670 /* Build configuration list for PBXNativeTarget "eyeHelpTests" */;
			buildPhases = (
				313F86FA6A676B6FE8FE7F3A /* [CP] Check Pods Manifest.lock */,
				3C62485E1E55346000125670 /* Sources */,
				3C62485F1E55346000125670 /* Frameworks */,
				3C6248601E55346000125670 /* Resources */,
				C3C2E779201B6CAE0F43DA9D /* [CP] Embed Pods Frameworks */,
				E56E032E178CF5A3F5766A75 /* [CP] Copy Pods Resources */,
			);
			buildRules = (
			);
			dependencies = (
				3C6248641E55346000125670 /* PBXTargetDependency */,
			);
			name = eyeHelpTests;
			productName = eyeHelpTests;
			productReference = 3C6248621E55346000125670 /* eyeHelpTests.xctest */;
			productType = "com.apple.product-type.bundle.unit-test";
		};
		3C62486C1E55346000125670 /* eyeHelpUITests */ = {
			isa = PBXNativeTarget;
			buildConfigurationList = 3C62487C1E55346000125670 /* Build configuration list for PBXNativeTarget "eyeHelpUITests" */;
			buildPhases = (
				4AA65D01006F59F817B2BE1D /* [CP] Check Pods Manifest.lock */,
				3C6248691E55346000125670 /* Sources */,
				3C62486A1E55346000125670 /* Frameworks */,
				3C62486B1E55346000125670 /* Resources */,
				F5A27FD3777565F94358DF1A /* [CP] Embed Pods Frameworks */,
				475BF9E45D5BF28D9721B56F /* [CP] Copy Pods Resources */,
			);
			buildRules = (
			);
			dependencies = (
				3C62486F1E55346000125670 /* PBXTargetDependency */,
			);
			name = eyeHelpUITests;
			productName = eyeHelpUITests;
			productReference = 3C62486D1E55346000125670 /* eyeHelpUITests.xctest */;
			productType = "com.apple.product-type.bundle.ui-testing";
		};
/* End PBXNativeTarget section */

/* Begin PBXProject section */
		3C6248411E55346000125670 /* Project object */ = {
			isa = PBXProject;
			attributes = {
				LastUpgradeCheck = 0820;
				ORGANIZATIONNAME = "吴戈";
				TargetAttributes = {
					3C6248481E55346000125670 = {
						CreatedOnToolsVersion = 8.2.1;
						DevelopmentTeam = N872UDE66A;
						ProvisioningStyle = Automatic;
					};
					3C6248611E55346000125670 = {
						CreatedOnToolsVersion = 8.2.1;
						DevelopmentTeam = N872UDE66A;
						ProvisioningStyle = Automatic;
						TestTargetID = 3C6248481E55346000125670;
					};
					3C62486C1E55346000125670 = {
						CreatedOnToolsVersion = 8.2.1;
						DevelopmentTeam = N872UDE66A;
						ProvisioningStyle = Automatic;
						TestTargetID = 3C6248481E55346000125670;
					};
				};
			};
			buildConfigurationList = 3C6248441E55346000125670 /* Build configuration list for PBXProject "eyeHelp" */;
			compatibilityVersion = "Xcode 3.2";
			developmentRegion = English;
			hasScannedForEncodings = 0;
			knownRegions = (
				en,
				Base,
			);
			mainGroup = 3C6248401E55346000125670;
			productRefGroup = 3C62484A1E55346000125670 /* Products */;
			projectDirPath = "";
			projectRoot = "";
			targets = (
				3C6248481E55346000125670 /* eyeHelp */,
				3C6248611E55346000125670 /* eyeHelpTests */,
				3C62486C1E55346000125670 /* eyeHelpUITests */,
			);
		};
/* End PBXProject section */

/* Begin PBXResourcesBuildPhase section */
		3C6248471E55346000125670 /* Resources */ = {
			isa = PBXResourcesBuildPhase;
			buildActionMask = 2147483647;
			files = (
				3CF1BB4E1E56C56000A19245 /* EHCourseCollectionViewCell.xib in Resources */,
				3CBE41CF1E59BA0E00C5414E /* EHConsultHeaderView.xib in Resources */,
				3C62485C1E55346000125670 /* LaunchScreen.storyboard in Resources */,
				3CBE41D41E59BDA200C5414E /* EHConsultTableViewCell.xib in Resources */,
				3C6248A61E55436F00125670 /* EHScienceTableViewController.xib in Resources */,
				3C98FA211E5C3B63008E300A /* EHVideoViewController.xib in Resources */,
				3CF1BB2B1E5578E800A19245 /* EHCourseViewController.xib in Resources */,
				3CF1BB641E59695400A19245 /* EHAdjustTableViewCell.xib in Resources */,
				3C30E21E1E5AD27D0073F505 /* EHGraphicTextViewController.xib in Resources */,
				3C30E2191E5A92B80073F505 /* EHChartViewViewController.xib in Resources */,
				3CF1BB3A1E55A9CA00A19245 /* LeftMenuTableViewCell.xib in Resources */,
				3C6248B51E5543CC00125670 /* EHMineTableViewController.xib in Resources */,
				3C6248591E55346000125670 /* Assets.xcassets in Resources */,
				3CF1BB3F1E569D5D00A19245 /* EHGraphicTableViewCell.xib in Resources */,
				3CF1BB561E56DA4B00A19245 /* EHScienceTableViewCell.xib in Resources */,
				3C6248571E55346000125670 /* Main.storyboard in Resources */,
				3CA85F6D1E5D130B00980746 /* dataPlist.plist in Resources */,
				3CF1BB5B1E5958BB00A19245 /* EHScreenViewController.xib in Resources */,
				3CA85F761E5D136F00980746 /* ChatViewController.xib in Resources */,
				3C6248B01E5543B900125670 /* EHConsultTableViewController.xib in Resources */,
			);
			runOnlyForDeploymentPostprocessing = 0;
		};
		3C6248601E55346000125670 /* Resources */ = {
			isa = PBXResourcesBuildPhase;
			buildActionMask = 2147483647;
			files = (
			);
			runOnlyForDeploymentPostprocessing = 0;
		};
		3C62486B1E55346000125670 /* Resources */ = {
			isa = PBXResourcesBuildPhase;
			buildActionMask = 2147483647;
			files = (
			);
			runOnlyForDeploymentPostprocessing = 0;
		};
/* End PBXResourcesBuildPhase section */

/* Begin PBXShellScriptBuildPhase section */
		1F4D164E5148C8CF98577AE1 /* [CP] Copy Pods Resources */ = {
			isa = PBXShellScriptBuildPhase;
			buildActionMask = 2147483647;
			files = (
			);
			inputPaths = (
			);
			name = "[CP] Copy Pods Resources";
			outputPaths = (
			);
			runOnlyForDeploymentPostprocessing = 0;
			shellPath = /bin/sh;
			shellScript = "\"${SRCROOT}/Pods/Target Support Files/Pods-eyeHelp/Pods-eyeHelp-resources.sh\"\n";
			showEnvVarsInLog = 0;
		};
		313F86FA6A676B6FE8FE7F3A /* [CP] Check Pods Manifest.lock */ = {
			isa = PBXShellScriptBuildPhase;
			buildActionMask = 2147483647;
			files = (
			);
			inputPaths = (
			);
			name = "[CP] Check Pods Manifest.lock";
			outputPaths = (
			);
			runOnlyForDeploymentPostprocessing = 0;
			shellPath = /bin/sh;
			shellScript = "diff \"${PODS_ROOT}/../Podfile.lock\" \"${PODS_ROOT}/Manifest.lock\" > /dev/null\nif [ $? != 0 ] ; then\n    # print error to STDERR\n    echo \"error: The sandbox is not in sync with the Podfile.lock. Run 'pod install' or update your CocoaPods installation.\" >&2\n    exit 1\nfi\n";
			showEnvVarsInLog = 0;
		};
		475BF9E45D5BF28D9721B56F /* [CP] Copy Pods Resources */ = {
			isa = PBXShellScriptBuildPhase;
			buildActionMask = 2147483647;
			files = (
			);
			inputPaths = (
			);
			name = "[CP] Copy Pods Resources";
			outputPaths = (
			);
			runOnlyForDeploymentPostprocessing = 0;
			shellPath = /bin/sh;
			shellScript = "\"${SRCROOT}/Pods/Target Support Files/Pods-eyeHelpUITests/Pods-eyeHelpUITests-resources.sh\"\n";
			showEnvVarsInLog = 0;
		};
		4763BDDF79BF14C41732557E /* [CP] Embed Pods Frameworks */ = {
			isa = PBXShellScriptBuildPhase;
			buildActionMask = 2147483647;
			files = (
			);
			inputPaths = (
			);
			name = "[CP] Embed Pods Frameworks";
			outputPaths = (
			);
			runOnlyForDeploymentPostprocessing = 0;
			shellPath = /bin/sh;
			shellScript = "\"${SRCROOT}/Pods/Target Support Files/Pods-eyeHelp/Pods-eyeHelp-frameworks.sh\"\n";
			showEnvVarsInLog = 0;
		};
		4AA65D01006F59F817B2BE1D /* [CP] Check Pods Manifest.lock */ = {
			isa = PBXShellScriptBuildPhase;
			buildActionMask = 2147483647;
			files = (
			);
			inputPaths = (
			);
			name = "[CP] Check Pods Manifest.lock";
			outputPaths = (
			);
			runOnlyForDeploymentPostprocessing = 0;
			shellPath = /bin/sh;
			shellScript = "diff \"${PODS_ROOT}/../Podfile.lock\" \"${PODS_ROOT}/Manifest.lock\" > /dev/null\nif [ $? != 0 ] ; then\n    # print error to STDERR\n    echo \"error: The sandbox is not in sync with the Podfile.lock. Run 'pod install' or update your CocoaPods installation.\" >&2\n    exit 1\nfi\n";
			showEnvVarsInLog = 0;
		};
		4F2CE45FD53418D5018799DF /* [CP] Check Pods Manifest.lock */ = {
			isa = PBXShellScriptBuildPhase;
			buildActionMask = 2147483647;
			files = (
			);
			inputPaths = (
			);
			name = "[CP] Check Pods Manifest.lock";
			outputPaths = (
			);
			runOnlyForDeploymentPostprocessing = 0;
			shellPath = /bin/sh;
			shellScript = "diff \"${PODS_ROOT}/../Podfile.lock\" \"${PODS_ROOT}/Manifest.lock\" > /dev/null\nif [ $? != 0 ] ; then\n    # print error to STDERR\n    echo \"error: The sandbox is not in sync with the Podfile.lock. Run 'pod install' or update your CocoaPods installation.\" >&2\n    exit 1\nfi\n";
			showEnvVarsInLog = 0;
		};
		C3C2E779201B6CAE0F43DA9D /* [CP] Embed Pods Frameworks */ = {
			isa = PBXShellScriptBuildPhase;
			buildActionMask = 2147483647;
			files = (
			);
			inputPaths = (
			);
			name = "[CP] Embed Pods Frameworks";
			outputPaths = (
			);
			runOnlyForDeploymentPostprocessing = 0;
			shellPath = /bin/sh;
			shellScript = "\"${SRCROOT}/Pods/Target Support Files/Pods-eyeHelpTests/Pods-eyeHelpTests-frameworks.sh\"\n";
			showEnvVarsInLog = 0;
		};
		E56E032E178CF5A3F5766A75 /* [CP] Copy Pods Resources */ = {
			isa = PBXShellScriptBuildPhase;
			buildActionMask = 2147483647;
			files = (
			);
			inputPaths = (
			);
			name = "[CP] Copy Pods Resources";
			outputPaths = (
			);
			runOnlyForDeploymentPostprocessing = 0;
			shellPath = /bin/sh;
			shellScript = "\"${SRCROOT}/Pods/Target Support Files/Pods-eyeHelpTests/Pods-eyeHelpTests-resources.sh\"\n";
			showEnvVarsInLog = 0;
		};
		F5A27FD3777565F94358DF1A /* [CP] Embed Pods Frameworks */ = {
			isa = PBXShellScriptBuildPhase;
			buildActionMask = 2147483647;
			files = (
			);
			inputPaths = (
			);
			name = "[CP] Embed Pods Frameworks";
			outputPaths = (
			);
			runOnlyForDeploymentPostprocessing = 0;
			shellPath = /bin/sh;
			shellScript = "\"${SRCROOT}/Pods/Target Support Files/Pods-eyeHelpUITests/Pods-eyeHelpUITests-frameworks.sh\"\n";
			showEnvVarsInLog = 0;
		};
/* End PBXShellScriptBuildPhase section */

/* Begin PBXSourcesBuildPhase section */
		3C6248451E55346000125670 /* Sources */ = {
			isa = PBXSourcesBuildPhase;
			buildActionMask = 2147483647;
			files = (
				3CF1BB5F1E595B8000A19245 /* VWaterView.m in Sources */,
				3CA85F6E1E5D130B00980746 /* Foundation+Log.m in Sources */,
				3CF1BB4D1E56C56000A19245 /* EHCourseCollectionViewCell.m in Sources */,
				3CF1BB391E55A9CA00A19245 /* LeftMenuTableViewCell.m in Sources */,
				3CF1BB2A1E5578E800A19245 /* EHCourseViewController.m in Sources */,
				3CF1BB5A1E5958BB00A19245 /* EHScreenViewController.m in Sources */,
				3CF1BB351E55973E00A19245 /* LeftMenuViewDemo.m in Sources */,
				3CA85F691E5D12FF00980746 /* messModel.m in Sources */,
				3C30E2141E5A92760073F505 /* UIView+mySize.m in Sources */,
				3C6248AF1E5543B900125670 /* EHConsultTableViewController.m in Sources */,
				3C6248511E55346000125670 /* AppDelegate.m in Sources */,
				3CF1BB2F1E5596C900A19245 /* MenuView.m in Sources */,
				3C30E2101E5A92760073F505 /* GraphDot.m in Sources */,
				3C30E2181E5A92B80073F505 /* EHChartViewViewController.m in Sources */,
				3CA85F711E5D131900980746 /* CustomTableViewCell.m in Sources */,
				3C62484E1E55346000125670 /* main.m in Sources */,
				3C30E2131E5A92760073F505 /* GraphView.m in Sources */,
				3C6248D01E55548D00125670 /* CustomTabBar.m in Sources */,
				3C30E2111E5A92760073F505 /* GraphLine.m in Sources */,
				3C6248A51E55436F00125670 /* EHScienceTableViewController.m in Sources */,
				3CA85F751E5D136F00980746 /* ChatViewController.m in Sources */,
				3C30E20F1E5A92760073F505 /* GraphBar.m in Sources */,
				3C30E20E1E5A92760073F505 /* DashesLineView.m in Sources */,
				3C30E1FD1E5A7D1B0073F505 /* MyCollectionViewCell.m in Sources */,
				3CF1BB631E59695400A19245 /* EHAdjustTableViewCell.m in Sources */,
				3C98FA201E5C3B63008E300A /* EHVideoViewController.m in Sources */,
				3C6248CF1E55548D00125670 /* CustomNavigationController.m in Sources */,
				3CF1BB3E1E569D5D00A19245 /* EHGraphicTableViewCell.m in Sources */,
				3C30E21D1E5AD27D0073F505 /* EHGraphicTextViewController.m in Sources */,
				3C6248D11E55548D00125670 /* CustomTabBarController.m in Sources */,
				3CF1BB551E56DA4B00A19245 /* EHScienceTableViewCell.m in Sources */,
				3C30E2121E5A92760073F505 /* GraphPopView.m in Sources */,
				3CBE41CD1E59BA0100C5414E /* EHConsultHeaderView.m in Sources */,
				3CBE41D31E59BDA200C5414E /* EHConsultTableViewCell.m in Sources */,
				3CF1BB511E56CA3F00A19245 /* EHCourseCollectionViewFlowLayout.m in Sources */,
				3C6248B41E5543CC00125670 /* EHMineTableViewController.m in Sources */,
				3CA85F6A1E5D12FF00980746 /* modelFrame.m in Sources */,
			);
			runOnlyForDeploymentPostprocessing = 0;
		};
		3C62485E1E55346000125670 /* Sources */ = {
			isa = PBXSourcesBuildPhase;
			buildActionMask = 2147483647;
			files = (
				3C6248671E55346000125670 /* eyeHelpTests.m in Sources */,
			);
			runOnlyForDeploymentPostprocessing = 0;
		};
		3C6248691E55346000125670 /* Sources */ = {
			isa = PBXSourcesBuildPhase;
			buildActionMask = 2147483647;
			files = (
				3C6248721E55346000125670 /* eyeHelpUITests.m in Sources */,
			);
			runOnlyForDeploymentPostprocessing = 0;
		};
/* End PBXSourcesBuildPhase section */

/* Begin PBXTargetDependency section */
		3C6248641E55346000125670 /* PBXTargetDependency */ = {
			isa = PBXTargetDependency;
			target = 3C6248481E55346000125670 /* eyeHelp */;
			targetProxy = 3C6248631E55346000125670 /* PBXContainerItemProxy */;
		};
		3C62486F1E55346000125670 /* PBXTargetDependency */ = {
			isa = PBXTargetDependency;
			target = 3C6248481E55346000125670 /* eyeHelp */;
			targetProxy = 3C62486E1E55346000125670 /* PBXContainerItemProxy */;
		};
/* End PBXTargetDependency section */

/* Begin PBXVariantGroup section */
		3C6248551E55346000125670 /* Main.storyboard */ = {
			isa = PBXVariantGroup;
			children = (
				3C6248561E55346000125670 /* Base */,
			);
			name = Main.storyboard;
			sourceTree = "<group>";
		};
		3C62485A1E55346000125670 /* LaunchScreen.storyboard */ = {
			isa = PBXVariantGroup;
			children = (
				3C62485B1E55346000125670 /* Base */,
			);
			name = LaunchScreen.storyboard;
			sourceTree = "<group>";
		};
/* End PBXVariantGroup section */

/* Begin XCBuildConfiguration section */
		3C6248741E55346000125670 /* Debug */ = {
			isa = XCBuildConfiguration;
			buildSettings = {
				ALWAYS_SEARCH_USER_PATHS = NO;
				CLANG_ANALYZER_NONNULL = YES;
				CLANG_CXX_LANGUAGE_STANDARD = "gnu++0x";
				CLANG_CXX_LIBRARY = "libc++";
				CLANG_ENABLE_MODULES = YES;
				CLANG_ENABLE_OBJC_ARC = YES;
				CLANG_WARN_BOOL_CONVERSION = YES;
				CLANG_WARN_CONSTANT_CONVERSION = YES;
				CLANG_WARN_DIRECT_OBJC_ISA_USAGE = YES_ERROR;
				CLANG_WARN_DOCUMENTATION_COMMENTS = YES;
				CLANG_WARN_EMPTY_BODY = YES;
				CLANG_WARN_ENUM_CONVERSION = YES;
				CLANG_WARN_INFINITE_RECURSION = YES;
				CLANG_WARN_INT_CONVERSION = YES;
				CLANG_WARN_OBJC_ROOT_CLASS = YES_ERROR;
				CLANG_WARN_SUSPICIOUS_MOVE = YES;
				CLANG_WARN_UNREACHABLE_CODE = YES;
				CLANG_WARN__DUPLICATE_METHOD_MATCH = YES;
				"CODE_SIGN_IDENTITY[sdk=iphoneos*]" = "iPhone Developer";
				COPY_PHASE_STRIP = NO;
				DEBUG_INFORMATION_FORMAT = dwarf;
				ENABLE_STRICT_OBJC_MSGSEND = YES;
				ENABLE_TESTABILITY = YES;
				GCC_C_LANGUAGE_STANDARD = gnu99;
				GCC_DYNAMIC_NO_PIC = NO;
				GCC_NO_COMMON_BLOCKS = YES;
				GCC_OPTIMIZATION_LEVEL = 0;
				GCC_PREPROCESSOR_DEFINITIONS = (
					"DEBUG=1",
					"$(inherited)",
				);
				GCC_WARN_64_TO_32_BIT_CONVERSION = YES;
				GCC_WARN_ABOUT_RETURN_TYPE = YES_ERROR;
				GCC_WARN_UNDECLARED_SELECTOR = YES;
				GCC_WARN_UNINITIALIZED_AUTOS = YES_AGGRESSIVE;
				GCC_WARN_UNUSED_FUNCTION = YES;
				GCC_WARN_UNUSED_VARIABLE = YES;
				IPHONEOS_DEPLOYMENT_TARGET = 10.2;
				MTL_ENABLE_DEBUG_INFO = YES;
				ONLY_ACTIVE_ARCH = YES;
				SDKROOT = iphoneos;
				TARGETED_DEVICE_FAMILY = "1,2";
			};
			name = Debug;
		};
		3C6248751E55346000125670 /* Release */ = {
			isa = XCBuildConfiguration;
			buildSettings = {
				ALWAYS_SEARCH_USER_PATHS = NO;
				CLANG_ANALYZER_NONNULL = YES;
				CLANG_CXX_LANGUAGE_STANDARD = "gnu++0x";
				CLANG_CXX_LIBRARY = "libc++";
				CLANG_ENABLE_MODULES = YES;
				CLANG_ENABLE_OBJC_ARC = YES;
				CLANG_WARN_BOOL_CONVERSION = YES;
				CLANG_WARN_CONSTANT_CONVERSION = YES;
				CLANG_WARN_DIRECT_OBJC_ISA_USAGE = YES_ERROR;
				CLANG_WARN_DOCUMENTATION_COMMENTS = YES;
				CLANG_WARN_EMPTY_BODY = YES;
				CLANG_WARN_ENUM_CONVERSION = YES;
				CLANG_WARN_INFINITE_RECURSION = YES;
				CLANG_WARN_INT_CONVERSION = YES;
				CLANG_WARN_OBJC_ROOT_CLASS = YES_ERROR;
				CLANG_WARN_SUSPICIOUS_MOVE = YES;
				CLANG_WARN_UNREACHABLE_CODE = YES;
				CLANG_WARN__DUPLICATE_METHOD_MATCH = YES;
				"CODE_SIGN_IDENTITY[sdk=iphoneos*]" = "iPhone Developer";
				COPY_PHASE_STRIP = NO;
				DEBUG_INFORMATION_FORMAT = "dwarf-with-dsym";
				ENABLE_NS_ASSERTIONS = NO;
				ENABLE_STRICT_OBJC_MSGSEND = YES;
				GCC_C_LANGUAGE_STANDARD = gnu99;
				GCC_NO_COMMON_BLOCKS = YES;
				GCC_WARN_64_TO_32_BIT_CONVERSION = YES;
				GCC_WARN_ABOUT_RETURN_TYPE = YES_ERROR;
				GCC_WARN_UNDECLARED_SELECTOR = YES;
				GCC_WARN_UNINITIALIZED_AUTOS = YES_AGGRESSIVE;
				GCC_WARN_UNUSED_FUNCTION = YES;
				GCC_WARN_UNUSED_VARIABLE = YES;
				IPHONEOS_DEPLOYMENT_TARGET = 10.2;
				MTL_ENABLE_DEBUG_INFO = NO;
				SDKROOT = iphoneos;
				TARGETED_DEVICE_FAMILY = "1,2";
				VALIDATE_PRODUCT = YES;
			};
			name = Release;
		};
		3C6248771E55346000125670 /* Debug */ = {
			isa = XCBuildConfiguration;
			baseConfigurationReference = 5C5425DD485F6BF6E0401646 /* Pods-eyeHelp.debug.xcconfig */;
			buildSettings = {
				ASSETCATALOG_COMPILER_APPICON_NAME = AppIcon;
				DEVELOPMENT_TEAM = N872UDE66A;
				GCC_PREFIX_HEADER = "/Users/Wougle/Desktop/开发/eyeHelp/eyeHelp/Configs/PrefixHeader.pch";
				INFOPLIST_FILE = eyeHelp/Info.plist;
				LD_RUNPATH_SEARCH_PATHS = "$(inherited) @executable_path/Frameworks";
				PRODUCT_BUNDLE_IDENTIFIER = EH.eyeHelp;
				PRODUCT_NAME = "$(TARGET_NAME)";
			};
			name = Debug;
		};
		3C6248781E55346000125670 /* Release */ = {
			isa = XCBuildConfiguration;
			baseConfigurationReference = 42CD977474DC0A65DF337F96 /* Pods-eyeHelp.release.xcconfig */;
			buildSettings = {
				ASSETCATALOG_COMPILER_APPICON_NAME = AppIcon;
				DEVELOPMENT_TEAM = N872UDE66A;
				GCC_PREFIX_HEADER = "/Users/Wougle/Desktop/开发/eyeHelp/eyeHelp/Configs/PrefixHeader.pch";
				INFOPLIST_FILE = eyeHelp/Info.plist;
				LD_RUNPATH_SEARCH_PATHS = "$(inherited) @executable_path/Frameworks";
				PRODUCT_BUNDLE_IDENTIFIER = EH.eyeHelp;
				PRODUCT_NAME = "$(TARGET_NAME)";
			};
			name = Release;
		};
		3C62487A1E55346000125670 /* Debug */ = {
			isa = XCBuildConfiguration;
			baseConfigurationReference = 4A6B458A0A722FCE921AEBA6 /* Pods-eyeHelpTests.debug.xcconfig */;
			buildSettings = {
				BUNDLE_LOADER = "$(TEST_HOST)";
				DEVELOPMENT_TEAM = N872UDE66A;
				INFOPLIST_FILE = eyeHelpTests/Info.plist;
				LD_RUNPATH_SEARCH_PATHS = "$(inherited) @executable_path/Frameworks @loader_path/Frameworks";
				PRODUCT_BUNDLE_IDENTIFIER = EH.eyeHelpTests;
				PRODUCT_NAME = "$(TARGET_NAME)";
				TEST_HOST = "$(BUILT_PRODUCTS_DIR)/eyeHelp.app/eyeHelp";
			};
			name = Debug;
		};
		3C62487B1E55346000125670 /* Release */ = {
			isa = XCBuildConfiguration;
			baseConfigurationReference = D5CF9D121ED0CDF4A3B0559A /* Pods-eyeHelpTests.release.xcconfig */;
			buildSettings = {
				BUNDLE_LOADER = "$(TEST_HOST)";
				DEVELOPMENT_TEAM = N872UDE66A;
				INFOPLIST_FILE = eyeHelpTests/Info.plist;
				LD_RUNPATH_SEARCH_PATHS = "$(inherited) @executable_path/Frameworks @loader_path/Frameworks";
				PRODUCT_BUNDLE_IDENTIFIER = EH.eyeHelpTests;
				PRODUCT_NAME = "$(TARGET_NAME)";
				TEST_HOST = "$(BUILT_PRODUCTS_DIR)/eyeHelp.app/eyeHelp";
			};
			name = Release;
		};
		3C62487D1E55346000125670 /* Debug */ = {
			isa = XCBuildConfiguration;
			baseConfigurationReference = E4E0EEE98B228E8116939656 /* Pods-eyeHelpUITests.debug.xcconfig */;
			buildSettings = {
				DEVELOPMENT_TEAM = N872UDE66A;
				INFOPLIST_FILE = eyeHelpUITests/Info.plist;
				LD_RUNPATH_SEARCH_PATHS = "$(inherited) @executable_path/Frameworks @loader_path/Frameworks";
				PRODUCT_BUNDLE_IDENTIFIER = EH.eyeHelpUITests;
				PRODUCT_NAME = "$(TARGET_NAME)";
				TEST_TARGET_NAME = eyeHelp;
			};
			name = Debug;
		};
		3C62487E1E55346000125670 /* Release */ = {
			isa = XCBuildConfiguration;
			baseConfigurationReference = B4E384F3A147BFC5E4F25663 /* Pods-eyeHelpUITests.release.xcconfig */;
			buildSettings = {
				DEVELOPMENT_TEAM = N872UDE66A;
				INFOPLIST_FILE = eyeHelpUITests/Info.plist;
				LD_RUNPATH_SEARCH_PATHS = "$(inherited) @executable_path/Frameworks @loader_path/Frameworks";
				PRODUCT_BUNDLE_IDENTIFIER = EH.eyeHelpUITests;
				PRODUCT_NAME = "$(TARGET_NAME)";
				TEST_TARGET_NAME = eyeHelp;
			};
			name = Release;
		};
/* End XCBuildConfiguration section */

/* Begin XCConfigurationList section */
		3C6248441E55346000125670 /* Build configuration list for PBXProject "eyeHelp" */ = {
			isa = XCConfigurationList;
			buildConfigurations = (
				3C6248741E55346000125670 /* Debug */,
				3C6248751E55346000125670 /* Release */,
			);
			defaultConfigurationIsVisible = 0;
			defaultConfigurationName = Release;
		};
		3C6248761E55346000125670 /* Build configuration list for PBXNativeTarget "eyeHelp" */ = {
			isa = XCConfigurationList;
			buildConfigurations = (
				3C6248771E55346000125670 /* Debug */,
				3C6248781E55346000125670 /* Release */,
			);
			defaultConfigurationIsVisible = 0;
			defaultConfigurationName = Release;
		};
		3C6248791E55346000125670 /* Build configuration list for PBXNativeTarget "eyeHelpTests" */ = {
			isa = XCConfigurationList;
			buildConfigurations = (
				3C62487A1E55346000125670 /* Debug */,
				3C62487B1E55346000125670 /* Release */,
			);
			defaultConfigurationIsVisible = 0;
			defaultConfigurationName = Release;
		};
		3C62487C1E55346000125670 /* Build configuration list for PBXNativeTarget "eyeHelpUITests" */ = {
			isa = XCConfigurationList;
			buildConfigurations = (
				3C62487D1E55346000125670 /* Debug */,
				3C62487E1E55346000125670 /* Release */,
			);
			defaultConfigurationIsVisible = 0;
			defaultConfigurationName = Release;
		};
/* End XCConfigurationList section */
	};
	rootObject = 3C6248411E55346000125670 /* Project object */;
}
